
Microsoft Visual Studio Solution File, Format Version 12.00
# Visual Studio Version 17
VisualStudioVersion = 17.4.33103.184
MinimumVisualStudioVersion = 10.0.40219.1
Project("{FAE04EC0-301F-11D3-BF4B-00C04F79EFBC}") = "Console game engine", "Console game engine\Console game engine.csproj", "{9889D63E-2C9B-4963-9EF4-5C1D67504AF0}"
EndProject
Global
	GlobalSection(SolutionConfigurationPlatforms) = preSolution
		Debug|Any CPU = Debug|Any CPU
		Release|Any CPU = Release|Any CPU
	EndGlobalSection
	GlobalSection(ProjectConfigurationPlatforms) = postSolution
		{9889D63E-2C9B-4963-9EF4-5C1D67504AF0}.Debug|Any CPU.ActiveCfg = Debug|Any CPU
		{9889D63E-2C9B-4963-9EF4-5C1D67504AF0}.Debug|Any CPU.Build.0 = Debug|Any CPU
		{9889D63E-2C9B-4963-9EF4-5C1D67504AF0}.Release|Any CPU.ActiveCfg = Release|Any CPU
		{9889D63E-2C9B-4963-9EF4-5C1D67504AF0}.Release|Any CPU.Build.0 = Release|Any CPU
	EndGlobalSection
	GlobalSection(SolutionProperties) = preSolution
		HideSolutionNode = FALSE
	EndGlobalSection
	GlobalSection(ExtensibilityGlobals) = postSolution
		SolutionGuid = {BD975514-DD76-4510-831E-57E06F7AB855}
	EndGlobalSection
EndGlobal
